
Microsoft Visual Studio Solution File, Format Version 12.00
# Visual Studio 15
Project("{FAE04EC0-301F-11D3-BF4B-00C04F79EFBC}") = "Peak.Android", "Peak.Android\Peak.Android.csproj", "{207C02BE-7ADC-45C5-B8E3-B6419AFA29B3}"
EndProject
Project("{FAE04EC0-301F-11D3-BF4B-00C04F79EFBC}") = "Peak.iOS", "Peak.iOS\Peak.iOS.csproj", "{28F0FCD0-327D-45E0-9D89-9A3C7C1E7EF7}"
EndProject
Project("{FAE04EC0-301F-11D3-BF4B-00C04F79EFBC}") = "Peak.UITests", "Peak.UITests\Peak.UITests.csproj", "{B19C892E-2628-4CA7-AD27-08D406A3B14B}"
EndProject
Project("{FAE04EC0-301F-11D3-BF4B-00C04F79EFBC}") = "Peak", "Peak\Peak.csproj", "{D08A7FF3-CF1F-4EC6-AAB9-5E8FC84C74A5}"
EndProject
Global
	GlobalSection(SolutionConfigurationPlatforms) = preSolution
		Debug|Any CPU = Debug|Any CPU
		Release|Any CPU = Release|Any CPU
		Debug|iPhoneSimulator = Debug|iPhoneSimulator
		Release|iPhoneSimulator = Release|iPhoneSimulator
		Debug|iPhone = Debug|iPhone
		Release|iPhone = Release|iPhone
		Ad-Hoc|iPhone = Ad-Hoc|iPhone
		AppStore|iPhone = AppStore|iPhone
	EndGlobalSection
	GlobalSection(ProjectConfigurationPlatforms) = postSolution
		{207C02BE-7ADC-45C5-B8E3-B6419AFA29B3}.Debug|Any CPU.ActiveCfg = Debug|Any CPU
		{207C02BE-7ADC-45C5-B8E3-B6419AFA29B3}.Debug|Any CPU.Build.0 = Debug|Any CPU
		{207C02BE-7ADC-45C5-B8E3-B6419AFA29B3}.Release|Any CPU.ActiveCfg = Release|Any CPU
		{207C02BE-7ADC-45C5-B8E3-B6419AFA29B3}.Release|Any CPU.Build.0 = Release|Any CPU
		{207C02BE-7ADC-45C5-B8E3-B6419AFA29B3}.Debug|iPhoneSimulator.ActiveCfg = Debug|Any CPU
		{207C02BE-7ADC-45C5-B8E3-B6419AFA29B3}.Debug|iPhoneSimulator.Build.0 = Debug|Any CPU
		{207C02BE-7ADC-45C5-B8E3-B6419AFA29B3}.Release|iPhoneSimulator.ActiveCfg = Release|Any CPU
		{207C02BE-7ADC-45C5-B8E3-B6419AFA29B3}.Release|iPhoneSimulator.Build.0 = Release|Any CPU
		{207C02BE-7ADC-45C5-B8E3-B6419AFA29B3}.Debug|iPhone.ActiveCfg = Debug|Any CPU
		{207C02BE-7ADC-45C5-B8E3-B6419AFA29B3}.Debug|iPhone.Build.0 = Debug|Any CPU
		{207C02BE-7ADC-45C5-B8E3-B6419AFA29B3}.Release|iPhone.ActiveCfg = Release|Any CPU
		{207C02BE-7ADC-45C5-B8E3-B6419AFA29B3}.Release|iPhone.Build.0 = Release|Any CPU
		{207C02BE-7ADC-45C5-B8E3-B6419AFA29B3}.Ad-Hoc|iPhone.ActiveCfg = Debug|Any CPU
		{207C02BE-7ADC-45C5-B8E3-B6419AFA29B3}.Ad-Hoc|iPhone.Build.0 = Debug|Any CPU
		{207C02BE-7ADC-45C5-B8E3-B6419AFA29B3}.AppStore|iPhone.ActiveCfg = Debug|Any CPU
		{207C02BE-7ADC-45C5-B8E3-B6419AFA29B3}.AppStore|iPhone.Build.0 = Debug|Any CPU
		{28F0FCD0-327D-45E0-9D89-9A3C7C1E7EF7}.Debug|Any CPU.ActiveCfg = Debug|iPhoneSimulator
		{28F0FCD0-327D-45E0-9D89-9A3C7C1E7EF7}.Debug|Any CPU.Build.0 = Debug|iPhoneSimulator
		{28F0FCD0-327D-45E0-9D89-9A3C7C1E7EF7}.Release|Any CPU.ActiveCfg = Release|iPhoneSimulator
		{28F0FCD0-327D-45E0-9D89-9A3C7C1E7EF7}.Release|Any CPU.Build.0 = Release|iPhoneSimulator
		{28F0FCD0-327D-45E0-9D89-9A3C7C1E7EF7}.Debug|iPhoneSimulator.ActiveCfg = Debug|iPhoneSimulator
		{28F0FCD0-327D-45E0-9D89-9A3C7C1E7EF7}.Debug|iPhoneSimulator.Build.0 = Debug|iPhoneSimulator
		{28F0FCD0-327D-45E0-9D89-9A3C7C1E7EF7}.Release|iPhoneSimulator.ActiveCfg = Release|iPhoneSimulator
		{28F0FCD0-327D-45E0-9D89-9A3C7C1E7EF7}.Release|iPhoneSimulator.Build.0 = Release|iPhoneSimulator
		{28F0FCD0-327D-45E0-9D89-9A3C7C1E7EF7}.Debug|iPhone.ActiveCfg = Debug|iPhone
		{28F0FCD0-327D-45E0-9D89-9A3C7C1E7EF7}.Debug|iPhone.Build.0 = Debug|iPhone
		{28F0FCD0-327D-45E0-9D89-9A3C7C1E7EF7}.Release|iPhone.ActiveCfg = Release|iPhone
		{28F0FCD0-327D-45E0-9D89-9A3C7C1E7EF7}.Release|iPhone.Build.0 = Release|iPhone
		{28F0FCD0-327D-45E0-9D89-9A3C7C1E7EF7}.Ad-Hoc|iPhone.ActiveCfg = Ad-Hoc|iPhone
		{28F0FCD0-327D-45E0-9D89-9A3C7C1E7EF7}.Ad-Hoc|iPhone.Build.0 = Ad-Hoc|iPhone
		{28F0FCD0-327D-45E0-9D89-9A3C7C1E7EF7}.AppStore|iPhone.ActiveCfg = AppStore|iPhone
		{28F0FCD0-327D-45E0-9D89-9A3C7C1E7EF7}.AppStore|iPhone.Build.0 = AppStore|iPhone
		{B19C892E-2628-4CA7-AD27-08D406A3B14B}.Debug|Any CPU.ActiveCfg = Debug|Any CPU
		{B19C892E-2628-4CA7-AD27-08D406A3B14B}.Debug|Any CPU.Build.0 = Debug|Any CPU
		{B19C892E-2628-4CA7-AD27-08D406A3B14B}.Release|Any CPU.ActiveCfg = Release|Any CPU
		{B19C892E-2628-4CA7-AD27-08D406A3B14B}.Release|Any CPU.Build.0 = Release|Any CPU
		{B19C892E-2628-4CA7-AD27-08D406A3B14B}.Debug|iPhoneSimulator.ActiveCfg = Debug|Any CPU
		{B19C892E-2628-4CA7-AD27-08D406A3B14B}.Debug|iPhoneSimulator.Build.0 = Debug|Any CPU
		{B19C892E-2628-4CA7-AD27-08D406A3B14B}.Release|iPhoneSimulator.ActiveCfg = Release|Any CPU
		{B19C892E-2628-4CA7-AD27-08D406A3B14B}.Release|iPhoneSimulator.Build.0 = Release|Any CPU
		{B19C892E-2628-4CA7-AD27-08D406A3B14B}.Debug|iPhone.ActiveCfg = Debug|Any CPU
		{B19C892E-2628-4CA7-AD27-08D406A3B14B}.Debug|iPhone.Build.0 = Debug|Any CPU
		{B19C892E-2628-4CA7-AD27-08D406A3B14B}.Release|iPhone.ActiveCfg = Release|Any CPU
		{B19C892E-2628-4CA7-AD27-08D406A3B14B}.Release|iPhone.Build.0 = Release|Any CPU
		{B19C892E-2628-4CA7-AD27-08D406A3B14B}.Ad-Hoc|iPhone.ActiveCfg = Debug|Any CPU
		{B19C892E-2628-4CA7-AD27-08D406A3B14B}.Ad-Hoc|iPhone.Build.0 = Debug|Any CPU
		{B19C892E-2628-4CA7-AD27-08D406A3B14B}.AppStore|iPhone.ActiveCfg = Debug|Any CPU
		{B19C892E-2628-4CA7-AD27-08D406A3B14B}.AppStore|iPhone.Build.0 = Debug|Any CPU
		{D08A7FF3-CF1F-4EC6-AAB9-5E8FC84C74A5}.Debug|Any CPU.ActiveCfg = Debug|Any CPU
		{D08A7FF3-CF1F-4EC6-AAB9-5E8FC84C74A5}.Debug|Any CPU.Build.0 = Debug|Any CPU
		{D08A7FF3-CF1F-4EC6-AAB9-5E8FC84C74A5}.Release|Any CPU.ActiveCfg = Release|Any CPU
		{D08A7FF3-CF1F-4EC6-AAB9-5E8FC84C74A5}.Release|Any CPU.Build.0 = Release|Any CPU
		{D08A7FF3-CF1F-4EC6-AAB9-5E8FC84C74A5}.Debug|iPhoneSimulator.ActiveCfg = Debug|Any CPU
		{D08A7FF3-CF1F-4EC6-AAB9-5E8FC84C74A5}.Debug|iPhoneSimulator.Build.0 = Debug|Any CPU
		{D08A7FF3-CF1F-4EC6-AAB9-5E8FC84C74A5}.Release|iPhoneSimulator.ActiveCfg = Release|Any CPU
		{D08A7FF3-CF1F-4EC6-AAB9-5E8FC84C74A5}.Release|iPhoneSimulator.Build.0 = Release|Any CPU
		{D08A7FF3-CF1F-4EC6-AAB9-5E8FC84C74A5}.Debug|iPhone.ActiveCfg = Debug|Any CPU
		{D08A7FF3-CF1F-4EC6-AAB9-5E8FC84C74A5}.Debug|iPhone.Build.0 = Debug|Any CPU
		{D08A7FF3-CF1F-4EC6-AAB9-5E8FC84C74A5}.Release|iPhone.ActiveCfg = Release|Any CPU
		{D08A7FF3-CF1F-4EC6-AAB9-5E8FC84C74A5}.Release|iPhone.Build.0 = Release|Any CPU
		{D08A7FF3-CF1F-4EC6-AAB9-5E8FC84C74A5}.Ad-Hoc|iPhone.ActiveCfg = Debug|Any CPU
		{D08A7FF3-CF1F-4EC6-AAB9-5E8FC84C74A5}.Ad-Hoc|iPhone.Build.0 = Debug|Any CPU
		{D08A7FF3-CF1F-4EC6-AAB9-5E8FC84C74A5}.AppStore|iPhone.ActiveCfg = Debug|Any CPU
		{D08A7FF3-CF1F-4EC6-AAB9-5E8FC84C74A5}.AppStore|iPhone.Build.0 = Debug|Any CPU
	EndGlobalSection
EndGlobal
