
Microsoft Visual Studio Solution File, Format Version 12.00
# Visual Studio 15
VisualStudioVersion = 15.0.28010.2048
MinimumVisualStudioVersion = 10.0.40219.1
Project("{FAE04EC0-301F-11D3-BF4B-00C04F79EFBC}") = "XamAI.Android", "XamAI\XamAI.Android\XamAI.Android.csproj", "{B933B45E-1A1C-43A1-93F3-05C7EF9D921E}"
EndProject
Project("{FAE04EC0-301F-11D3-BF4B-00C04F79EFBC}") = "XamAI.iOS", "XamAI\XamAI.iOS\XamAI.iOS.csproj", "{B97A767B-71BD-4AAB-AF36-535A7A7ACFED}"
EndProject
Project("{FAE04EC0-301F-11D3-BF4B-00C04F79EFBC}") = "XamAI.UWP", "XamAI\XamAI.UWP\XamAI.UWP.csproj", "{B0A6F7B7-B9FA-448F-84C2-713DD5B6A890}"
EndProject
Project("{9A19103F-16F7-4668-BE54-9A1E7A4F7556}") = "XamAI", "XamAI\XamAI\XamAI.csproj", "{5F2356CD-24DF-43C5-B7A5-5991D84038B6}"
EndProject
Global
	GlobalSection(SolutionConfigurationPlatforms) = preSolution
		Ad-Hoc|Any CPU = Ad-Hoc|Any CPU
		Ad-Hoc|ARM = Ad-Hoc|ARM
		Ad-Hoc|iPhone = Ad-Hoc|iPhone
		Ad-Hoc|iPhoneSimulator = Ad-Hoc|iPhoneSimulator
		Ad-Hoc|x64 = Ad-Hoc|x64
		Ad-Hoc|x86 = Ad-Hoc|x86
		AppStore|Any CPU = AppStore|Any CPU
		AppStore|ARM = AppStore|ARM
		AppStore|iPhone = AppStore|iPhone
		AppStore|iPhoneSimulator = AppStore|iPhoneSimulator
		AppStore|x64 = AppStore|x64
		AppStore|x86 = AppStore|x86
		Debug|Any CPU = Debug|Any CPU
		Debug|ARM = Debug|ARM
		Debug|iPhone = Debug|iPhone
		Debug|iPhoneSimulator = Debug|iPhoneSimulator
		Debug|x64 = Debug|x64
		Debug|x86 = Debug|x86
		Release|Any CPU = Release|Any CPU
		Release|ARM = Release|ARM
		Release|iPhone = Release|iPhone
		Release|iPhoneSimulator = Release|iPhoneSimulator
		Release|x64 = Release|x64
		Release|x86 = Release|x86
	EndGlobalSection
	GlobalSection(ProjectConfigurationPlatforms) = postSolution
		{B933B45E-1A1C-43A1-93F3-05C7EF9D921E}.Ad-Hoc|Any CPU.ActiveCfg = Release|Any CPU
		{B933B45E-1A1C-43A1-93F3-05C7EF9D921E}.Ad-Hoc|Any CPU.Build.0 = Release|Any CPU
		{B933B45E-1A1C-43A1-93F3-05C7EF9D921E}.Ad-Hoc|Any CPU.Deploy.0 = Release|Any CPU
		{B933B45E-1A1C-43A1-93F3-05C7EF9D921E}.Ad-Hoc|ARM.ActiveCfg = Release|Any CPU
		{B933B45E-1A1C-43A1-93F3-05C7EF9D921E}.Ad-Hoc|ARM.Build.0 = Release|Any CPU
		{B933B45E-1A1C-43A1-93F3-05C7EF9D921E}.Ad-Hoc|ARM.Deploy.0 = Release|Any CPU
		{B933B45E-1A1C-43A1-93F3-05C7EF9D921E}.Ad-Hoc|iPhone.ActiveCfg = Release|Any CPU
		{B933B45E-1A1C-43A1-93F3-05C7EF9D921E}.Ad-Hoc|iPhone.Build.0 = Release|Any CPU
		{B933B45E-1A1C-43A1-93F3-05C7EF9D921E}.Ad-Hoc|iPhone.Deploy.0 = Release|Any CPU
		{B933B45E-1A1C-43A1-93F3-05C7EF9D921E}.Ad-Hoc|iPhoneSimulator.ActiveCfg = Release|Any CPU
		{B933B45E-1A1C-43A1-93F3-05C7EF9D921E}.Ad-Hoc|iPhoneSimulator.Build.0 = Release|Any CPU
		{B933B45E-1A1C-43A1-93F3-05C7EF9D921E}.Ad-Hoc|iPhoneSimulator.Deploy.0 = Release|Any CPU
		{B933B45E-1A1C-43A1-93F3-05C7EF9D921E}.Ad-Hoc|x64.ActiveCfg = Release|Any CPU
		{B933B45E-1A1C-43A1-93F3-05C7EF9D921E}.Ad-Hoc|x64.Build.0 = Release|Any CPU
		{B933B45E-1A1C-43A1-93F3-05C7EF9D921E}.Ad-Hoc|x64.Deploy.0 = Release|Any CPU
		{B933B45E-1A1C-43A1-93F3-05C7EF9D921E}.Ad-Hoc|x86.ActiveCfg = Release|Any CPU
		{B933B45E-1A1C-43A1-93F3-05C7EF9D921E}.Ad-Hoc|x86.Build.0 = Release|Any CPU
		{B933B45E-1A1C-43A1-93F3-05C7EF9D921E}.Ad-Hoc|x86.Deploy.0 = Release|Any CPU
		{B933B45E-1A1C-43A1-93F3-05C7EF9D921E}.AppStore|Any CPU.ActiveCfg = Release|Any CPU
		{B933B45E-1A1C-43A1-93F3-05C7EF9D921E}.AppStore|Any CPU.Build.0 = Release|Any CPU
		{B933B45E-1A1C-43A1-93F3-05C7EF9D921E}.AppStore|Any CPU.Deploy.0 = Release|Any CPU
		{B933B45E-1A1C-43A1-93F3-05C7EF9D921E}.AppStore|ARM.ActiveCfg = Release|Any CPU
		{B933B45E-1A1C-43A1-93F3-05C7EF9D921E}.AppStore|ARM.Build.0 = Release|Any CPU
		{B933B45E-1A1C-43A1-93F3-05C7EF9D921E}.AppStore|ARM.Deploy.0 = Release|Any CPU
		{B933B45E-1A1C-43A1-93F3-05C7EF9D921E}.AppStore|iPhone.ActiveCfg = Release|Any CPU
		{B933B45E-1A1C-43A1-93F3-05C7EF9D921E}.AppStore|iPhone.Build.0 = Release|Any CPU
		{B933B45E-1A1C-43A1-93F3-05C7EF9D921E}.AppStore|iPhone.Deploy.0 = Release|Any CPU
		{B933B45E-1A1C-43A1-93F3-05C7EF9D921E}.AppStore|iPhoneSimulator.ActiveCfg = Release|Any CPU
		{B933B45E-1A1C-43A1-93F3-05C7EF9D921E}.AppStore|iPhoneSimulator.Build.0 = Release|Any CPU
		{B933B45E-1A1C-43A1-93F3-05C7EF9D921E}.AppStore|iPhoneSimulator.Deploy.0 = Release|Any CPU
		{B933B45E-1A1C-43A1-93F3-05C7EF9D921E}.AppStore|x64.ActiveCfg = Release|Any CPU
		{B933B45E-1A1C-43A1-93F3-05C7EF9D921E}.AppStore|x64.Build.0 = Release|Any CPU
		{B933B45E-1A1C-43A1-93F3-05C7EF9D921E}.AppStore|x64.Deploy.0 = Release|Any CPU
		{B933B45E-1A1C-43A1-93F3-05C7EF9D921E}.AppStore|x86.ActiveCfg = Release|Any CPU
		{B933B45E-1A1C-43A1-93F3-05C7EF9D921E}.AppStore|x86.Build.0 = Release|Any CPU
		{B933B45E-1A1C-43A1-93F3-05C7EF9D921E}.AppStore|x86.Deploy.0 = Release|Any CPU
		{B933B45E-1A1C-43A1-93F3-05C7EF9D921E}.Debug|Any CPU.ActiveCfg = Debug|Any CPU
		{B933B45E-1A1C-43A1-93F3-05C7EF9D921E}.Debug|Any CPU.Build.0 = Debug|Any CPU
		{B933B45E-1A1C-43A1-93F3-05C7EF9D921E}.Debug|Any CPU.Deploy.0 = Debug|Any CPU
		{B933B45E-1A1C-43A1-93F3-05C7EF9D921E}.Debug|ARM.ActiveCfg = Debug|Any CPU
		{B933B45E-1A1C-43A1-93F3-05C7EF9D921E}.Debug|ARM.Build.0 = Debug|Any CPU
		{B933B45E-1A1C-43A1-93F3-05C7EF9D921E}.Debug|ARM.Deploy.0 = Debug|Any CPU
		{B933B45E-1A1C-43A1-93F3-05C7EF9D921E}.Debug|iPhone.ActiveCfg = Debug|Any CPU
		{B933B45E-1A1C-43A1-93F3-05C7EF9D921E}.Debug|iPhone.Build.0 = Debug|Any CPU
		{B933B45E-1A1C-43A1-93F3-05C7EF9D921E}.Debug|iPhone.Deploy.0 = Debug|Any CPU
		{B933B45E-1A1C-43A1-93F3-05C7EF9D921E}.Debug|iPhoneSimulator.ActiveCfg = Debug|Any CPU
		{B933B45E-1A1C-43A1-93F3-05C7EF9D921E}.Debug|iPhoneSimulator.Build.0 = Debug|Any CPU
		{B933B45E-1A1C-43A1-93F3-05C7EF9D921E}.Debug|iPhoneSimulator.Deploy.0 = Debug|Any CPU
		{B933B45E-1A1C-43A1-93F3-05C7EF9D921E}.Debug|x64.ActiveCfg = Debug|Any CPU
		{B933B45E-1A1C-43A1-93F3-05C7EF9D921E}.Debug|x64.Build.0 = Debug|Any CPU
		{B933B45E-1A1C-43A1-93F3-05C7EF9D921E}.Debug|x64.Deploy.0 = Debug|Any CPU
		{B933B45E-1A1C-43A1-93F3-05C7EF9D921E}.Debug|x86.ActiveCfg = Debug|Any CPU
		{B933B45E-1A1C-43A1-93F3-05C7EF9D921E}.Debug|x86.Build.0 = Debug|Any CPU
		{B933B45E-1A1C-43A1-93F3-05C7EF9D921E}.Debug|x86.Deploy.0 = Debug|Any CPU
		{B933B45E-1A1C-43A1-93F3-05C7EF9D921E}.Release|Any CPU.ActiveCfg = Release|Any CPU
		{B933B45E-1A1C-43A1-93F3-05C7EF9D921E}.Release|Any CPU.Build.0 = Release|Any CPU
		{B933B45E-1A1C-43A1-93F3-05C7EF9D921E}.Release|Any CPU.Deploy.0 = Release|Any CPU
		{B933B45E-1A1C-43A1-93F3-05C7EF9D921E}.Release|ARM.ActiveCfg = Release|Any CPU
		{B933B45E-1A1C-43A1-93F3-05C7EF9D921E}.Release|ARM.Build.0 = Release|Any CPU
		{B933B45E-1A1C-43A1-93F3-05C7EF9D921E}.Release|ARM.Deploy.0 = Release|Any CPU
		{B933B45E-1A1C-43A1-93F3-05C7EF9D921E}.Release|iPhone.ActiveCfg = Release|Any CPU
		{B933B45E-1A1C-43A1-93F3-05C7EF9D921E}.Release|iPhone.Build.0 = Release|Any CPU
		{B933B45E-1A1C-43A1-93F3-05C7EF9D921E}.Release|iPhone.Deploy.0 = Release|Any CPU
		{B933B45E-1A1C-43A1-93F3-05C7EF9D921E}.Release|iPhoneSimulator.ActiveCfg = Release|Any CPU
		{B933B45E-1A1C-43A1-93F3-05C7EF9D921E}.Release|iPhoneSimulator.Build.0 = Release|Any CPU
		{B933B45E-1A1C-43A1-93F3-05C7EF9D921E}.Release|iPhoneSimulator.Deploy.0 = Release|Any CPU
		{B933B45E-1A1C-43A1-93F3-05C7EF9D921E}.Release|x64.ActiveCfg = Release|Any CPU
		{B933B45E-1A1C-43A1-93F3-05C7EF9D921E}.Release|x64.Build.0 = Release|Any CPU
		{B933B45E-1A1C-43A1-93F3-05C7EF9D921E}.Release|x64.Deploy.0 = Release|Any CPU
		{B933B45E-1A1C-43A1-93F3-05C7EF9D921E}.Release|x86.ActiveCfg = Release|Any CPU
		{B933B45E-1A1C-43A1-93F3-05C7EF9D921E}.Release|x86.Build.0 = Release|Any CPU
		{B933B45E-1A1C-43A1-93F3-05C7EF9D921E}.Release|x86.Deploy.0 = Release|Any CPU
		{B97A767B-71BD-4AAB-AF36-535A7A7ACFED}.Ad-Hoc|Any CPU.ActiveCfg = Ad-Hoc|iPhone
		{B97A767B-71BD-4AAB-AF36-535A7A7ACFED}.Ad-Hoc|Any CPU.Build.0 = Ad-Hoc|iPhone
		{B97A767B-71BD-4AAB-AF36-535A7A7ACFED}.Ad-Hoc|Any CPU.Deploy.0 = Ad-Hoc|iPhone
		{B97A767B-71BD-4AAB-AF36-535A7A7ACFED}.Ad-Hoc|ARM.ActiveCfg = Ad-Hoc|iPhone
		{B97A767B-71BD-4AAB-AF36-535A7A7ACFED}.Ad-Hoc|ARM.Build.0 = Ad-Hoc|iPhone
		{B97A767B-71BD-4AAB-AF36-535A7A7ACFED}.Ad-Hoc|ARM.Deploy.0 = Ad-Hoc|iPhone
		{B97A767B-71BD-4AAB-AF36-535A7A7ACFED}.Ad-Hoc|iPhone.ActiveCfg = Ad-Hoc|iPhone
		{B97A767B-71BD-4AAB-AF36-535A7A7ACFED}.Ad-Hoc|iPhone.Build.0 = Ad-Hoc|iPhone
		{B97A767B-71BD-4AAB-AF36-535A7A7ACFED}.Ad-Hoc|iPhone.Deploy.0 = Ad-Hoc|iPhone
		{B97A767B-71BD-4AAB-AF36-535A7A7ACFED}.Ad-Hoc|iPhoneSimulator.ActiveCfg = Ad-Hoc|iPhoneSimulator
		{B97A767B-71BD-4AAB-AF36-535A7A7ACFED}.Ad-Hoc|iPhoneSimulator.Build.0 = Ad-Hoc|iPhoneSimulator
		{B97A767B-71BD-4AAB-AF36-535A7A7ACFED}.Ad-Hoc|iPhoneSimulator.Deploy.0 = Ad-Hoc|iPhoneSimulator
		{B97A767B-71BD-4AAB-AF36-535A7A7ACFED}.Ad-Hoc|x64.ActiveCfg = Ad-Hoc|iPhone
		{B97A767B-71BD-4AAB-AF36-535A7A7ACFED}.Ad-Hoc|x64.Build.0 = Ad-Hoc|iPhone
		{B97A767B-71BD-4AAB-AF36-535A7A7ACFED}.Ad-Hoc|x64.Deploy.0 = Ad-Hoc|iPhone
		{B97A767B-71BD-4AAB-AF36-535A7A7ACFED}.Ad-Hoc|x86.ActiveCfg = Ad-Hoc|iPhone
		{B97A767B-71BD-4AAB-AF36-535A7A7ACFED}.Ad-Hoc|x86.Build.0 = Ad-Hoc|iPhone
		{B97A767B-71BD-4AAB-AF36-535A7A7ACFED}.Ad-Hoc|x86.Deploy.0 = Ad-Hoc|iPhone
		{B97A767B-71BD-4AAB-AF36-535A7A7ACFED}.AppStore|Any CPU.ActiveCfg = AppStore|iPhone
		{B97A767B-71BD-4AAB-AF36-535A7A7ACFED}.AppStore|Any CPU.Build.0 = AppStore|iPhone
		{B97A767B-71BD-4AAB-AF36-535A7A7ACFED}.AppStore|Any CPU.Deploy.0 = AppStore|iPhone
		{B97A767B-71BD-4AAB-AF36-535A7A7ACFED}.AppStore|ARM.ActiveCfg = AppStore|iPhone
		{B97A767B-71BD-4AAB-AF36-535A7A7ACFED}.AppStore|ARM.Build.0 = AppStore|iPhone
		{B97A767B-71BD-4AAB-AF36-535A7A7ACFED}.AppStore|ARM.Deploy.0 = AppStore|iPhone
		{B97A767B-71BD-4AAB-AF36-535A7A7ACFED}.AppStore|iPhone.ActiveCfg = AppStore|iPhone
		{B97A767B-71BD-4AAB-AF36-535A7A7ACFED}.AppStore|iPhone.Build.0 = AppStore|iPhone
		{B97A767B-71BD-4AAB-AF36-535A7A7ACFED}.AppStore|iPhone.Deploy.0 = AppStore|iPhone
		{B97A767B-71BD-4AAB-AF36-535A7A7ACFED}.AppStore|iPhoneSimulator.ActiveCfg = AppStore|iPhoneSimulator
		{B97A767B-71BD-4AAB-AF36-535A7A7ACFED}.AppStore|iPhoneSimulator.Build.0 = AppStore|iPhoneSimulator
		{B97A767B-71BD-4AAB-AF36-535A7A7ACFED}.AppStore|iPhoneSimulator.Deploy.0 = AppStore|iPhoneSimulator
		{B97A767B-71BD-4AAB-AF36-535A7A7ACFED}.AppStore|x64.ActiveCfg = AppStore|iPhone
		{B97A767B-71BD-4AAB-AF36-535A7A7ACFED}.AppStore|x64.Build.0 = AppStore|iPhone
		{B97A767B-71BD-4AAB-AF36-535A7A7ACFED}.AppStore|x64.Deploy.0 = AppStore|iPhone
		{B97A767B-71BD-4AAB-AF36-535A7A7ACFED}.AppStore|x86.ActiveCfg = AppStore|iPhone
		{B97A767B-71BD-4AAB-AF36-535A7A7ACFED}.AppStore|x86.Build.0 = AppStore|iPhone
		{B97A767B-71BD-4AAB-AF36-535A7A7ACFED}.AppStore|x86.Deploy.0 = AppStore|iPhone
		{B97A767B-71BD-4AAB-AF36-535A7A7ACFED}.Debug|Any CPU.ActiveCfg = Debug|iPhoneSimulator
		{B97A767B-71BD-4AAB-AF36-535A7A7ACFED}.Debug|Any CPU.Build.0 = Debug|iPhoneSimulator
		{B97A767B-71BD-4AAB-AF36-535A7A7ACFED}.Debug|Any CPU.Deploy.0 = Debug|iPhoneSimulator
		{B97A767B-71BD-4AAB-AF36-535A7A7ACFED}.Debug|ARM.ActiveCfg = Debug|iPhone
		{B97A767B-71BD-4AAB-AF36-535A7A7ACFED}.Debug|ARM.Build.0 = Debug|iPhone
		{B97A767B-71BD-4AAB-AF36-535A7A7ACFED}.Debug|ARM.Deploy.0 = Debug|iPhone
		{B97A767B-71BD-4AAB-AF36-535A7A7ACFED}.Debug|iPhone.ActiveCfg = Debug|iPhone
		{B97A767B-71BD-4AAB-AF36-535A7A7ACFED}.Debug|iPhone.Build.0 = Debug|iPhone
		{B97A767B-71BD-4AAB-AF36-535A7A7ACFED}.Debug|iPhone.Deploy.0 = Debug|iPhone
		{B97A767B-71BD-4AAB-AF36-535A7A7ACFED}.Debug|iPhoneSimulator.ActiveCfg = Debug|iPhoneSimulator
		{B97A767B-71BD-4AAB-AF36-535A7A7ACFED}.Debug|iPhoneSimulator.Build.0 = Debug|iPhoneSimulator
		{B97A767B-71BD-4AAB-AF36-535A7A7ACFED}.Debug|iPhoneSimulator.Deploy.0 = Debug|iPhoneSimulator
		{B97A767B-71BD-4AAB-AF36-535A7A7ACFED}.Debug|x64.ActiveCfg = Debug|iPhone
		{B97A767B-71BD-4AAB-AF36-535A7A7ACFED}.Debug|x64.Build.0 = Debug|iPhone
		{B97A767B-71BD-4AAB-AF36-535A7A7ACFED}.Debug|x64.Deploy.0 = Debug|iPhone
		{B97A767B-71BD-4AAB-AF36-535A7A7ACFED}.Debug|x86.ActiveCfg = Debug|iPhone
		{B97A767B-71BD-4AAB-AF36-535A7A7ACFED}.Debug|x86.Build.0 = Debug|iPhone
		{B97A767B-71BD-4AAB-AF36-535A7A7ACFED}.Debug|x86.Deploy.0 = Debug|iPhone
		{B97A767B-71BD-4AAB-AF36-535A7A7ACFED}.Release|Any CPU.ActiveCfg = Release|iPhone
		{B97A767B-71BD-4AAB-AF36-535A7A7ACFED}.Release|Any CPU.Build.0 = Release|iPhone
		{B97A767B-71BD-4AAB-AF36-535A7A7ACFED}.Release|Any CPU.Deploy.0 = Release|iPhone
		{B97A767B-71BD-4AAB-AF36-535A7A7ACFED}.Release|ARM.ActiveCfg = Release|iPhone
		{B97A767B-71BD-4AAB-AF36-535A7A7ACFED}.Release|ARM.Build.0 = Release|iPhone
		{B97A767B-71BD-4AAB-AF36-535A7A7ACFED}.Release|ARM.Deploy.0 = Release|iPhone
		{B97A767B-71BD-4AAB-AF36-535A7A7ACFED}.Release|iPhone.ActiveCfg = Release|iPhone
		{B97A767B-71BD-4AAB-AF36-535A7A7ACFED}.Release|iPhone.Build.0 = Release|iPhone
		{B97A767B-71BD-4AAB-AF36-535A7A7ACFED}.Release|iPhone.Deploy.0 = Release|iPhone
		{B97A767B-71BD-4AAB-AF36-535A7A7ACFED}.Release|iPhoneSimulator.ActiveCfg = Release|iPhoneSimulator
		{B97A767B-71BD-4AAB-AF36-535A7A7ACFED}.Release|iPhoneSimulator.Build.0 = Release|iPhoneSimulator
		{B97A767B-71BD-4AAB-AF36-535A7A7ACFED}.Release|iPhoneSimulator.Deploy.0 = Release|iPhoneSimulator
		{B97A767B-71BD-4AAB-AF36-535A7A7ACFED}.Release|x64.ActiveCfg = Release|iPhone
		{B97A767B-71BD-4AAB-AF36-535A7A7ACFED}.Release|x64.Build.0 = Release|iPhone
		{B97A767B-71BD-4AAB-AF36-535A7A7ACFED}.Release|x64.Deploy.0 = Release|iPhone
		{B97A767B-71BD-4AAB-AF36-535A7A7ACFED}.Release|x86.ActiveCfg = Release|iPhone
		{B97A767B-71BD-4AAB-AF36-535A7A7ACFED}.Release|x86.Build.0 = Release|iPhone
		{B97A767B-71BD-4AAB-AF36-535A7A7ACFED}.Release|x86.Deploy.0 = Release|iPhone
		{B0A6F7B7-B9FA-448F-84C2-713DD5B6A890}.Ad-Hoc|Any CPU.ActiveCfg = Release|x86
		{B0A6F7B7-B9FA-448F-84C2-713DD5B6A890}.Ad-Hoc|Any CPU.Build.0 = Release|x86
		{B0A6F7B7-B9FA-448F-84C2-713DD5B6A890}.Ad-Hoc|Any CPU.Deploy.0 = Release|x86
		{B0A6F7B7-B9FA-448F-84C2-713DD5B6A890}.Ad-Hoc|ARM.ActiveCfg = Release|ARM
		{B0A6F7B7-B9FA-448F-84C2-713DD5B6A890}.Ad-Hoc|ARM.Build.0 = Release|ARM
		{B0A6F7B7-B9FA-448F-84C2-713DD5B6A890}.Ad-Hoc|ARM.Deploy.0 = Release|ARM
		{B0A6F7B7-B9FA-448F-84C2-713DD5B6A890}.Ad-Hoc|iPhone.ActiveCfg = Release|x86
		{B0A6F7B7-B9FA-448F-84C2-713DD5B6A890}.Ad-Hoc|iPhone.Build.0 = Release|x86
		{B0A6F7B7-B9FA-448F-84C2-713DD5B6A890}.Ad-Hoc|iPhone.Deploy.0 = Release|x86
		{B0A6F7B7-B9FA-448F-84C2-713DD5B6A890}.Ad-Hoc|iPhoneSimulator.ActiveCfg = Release|x86
		{B0A6F7B7-B9FA-448F-84C2-713DD5B6A890}.Ad-Hoc|iPhoneSimulator.Build.0 = Release|x86
		{B0A6F7B7-B9FA-448F-84C2-713DD5B6A890}.Ad-Hoc|iPhoneSimulator.Deploy.0 = Release|x86
		{B0A6F7B7-B9FA-448F-84C2-713DD5B6A890}.Ad-Hoc|x64.ActiveCfg = Release|x64
		{B0A6F7B7-B9FA-448F-84C2-713DD5B6A890}.Ad-Hoc|x64.Build.0 = Release|x64
		{B0A6F7B7-B9FA-448F-84C2-713DD5B6A890}.Ad-Hoc|x64.Deploy.0 = Release|x64
		{B0A6F7B7-B9FA-448F-84C2-713DD5B6A890}.Ad-Hoc|x86.ActiveCfg = Release|x86
		{B0A6F7B7-B9FA-448F-84C2-713DD5B6A890}.Ad-Hoc|x86.Build.0 = Release|x86
		{B0A6F7B7-B9FA-448F-84C2-713DD5B6A890}.Ad-Hoc|x86.Deploy.0 = Release|x86
		{B0A6F7B7-B9FA-448F-84C2-713DD5B6A890}.AppStore|Any CPU.ActiveCfg = Release|x86
		{B0A6F7B7-B9FA-448F-84C2-713DD5B6A890}.AppStore|Any CPU.Build.0 = Release|x86
		{B0A6F7B7-B9FA-448F-84C2-713DD5B6A890}.AppStore|Any CPU.Deploy.0 = Release|x86
		{B0A6F7B7-B9FA-448F-84C2-713DD5B6A890}.AppStore|ARM.ActiveCfg = Release|ARM
		{B0A6F7B7-B9FA-448F-84C2-713DD5B6A890}.AppStore|ARM.Build.0 = Release|ARM
		{B0A6F7B7-B9FA-448F-84C2-713DD5B6A890}.AppStore|ARM.Deploy.0 = Release|ARM
		{B0A6F7B7-B9FA-448F-84C2-713DD5B6A890}.AppStore|iPhone.ActiveCfg = Release|x86
		{B0A6F7B7-B9FA-448F-84C2-713DD5B6A890}.AppStore|iPhone.Build.0 = Release|x86
		{B0A6F7B7-B9FA-448F-84C2-713DD5B6A890}.AppStore|iPhone.Deploy.0 = Release|x86
		{B0A6F7B7-B9FA-448F-84C2-713DD5B6A890}.AppStore|iPhoneSimulator.ActiveCfg = Release|x86
		{B0A6F7B7-B9FA-448F-84C2-713DD5B6A890}.AppStore|iPhoneSimulator.Build.0 = Release|x86
		{B0A6F7B7-B9FA-448F-84C2-713DD5B6A890}.AppStore|iPhoneSimulator.Deploy.0 = Release|x86
		{B0A6F7B7-B9FA-448F-84C2-713DD5B6A890}.AppStore|x64.ActiveCfg = Release|x64
		{B0A6F7B7-B9FA-448F-84C2-713DD5B6A890}.AppStore|x64.Build.0 = Release|x64
		{B0A6F7B7-B9FA-448F-84C2-713DD5B6A890}.AppStore|x64.Deploy.0 = Release|x64
		{B0A6F7B7-B9FA-448F-84C2-713DD5B6A890}.AppStore|x86.ActiveCfg = Release|x86
		{B0A6F7B7-B9FA-448F-84C2-713DD5B6A890}.AppStore|x86.Build.0 = Release|x86
		{B0A6F7B7-B9FA-448F-84C2-713DD5B6A890}.AppStore|x86.Deploy.0 = Release|x86
		{B0A6F7B7-B9FA-448F-84C2-713DD5B6A890}.Debug|Any CPU.ActiveCfg = Debug|x86
		{B0A6F7B7-B9FA-448F-84C2-713DD5B6A890}.Debug|Any CPU.Build.0 = Debug|x86
		{B0A6F7B7-B9FA-448F-84C2-713DD5B6A890}.Debug|Any CPU.Deploy.0 = Debug|x86
		{B0A6F7B7-B9FA-448F-84C2-713DD5B6A890}.Debug|ARM.ActiveCfg = Debug|ARM
		{B0A6F7B7-B9FA-448F-84C2-713DD5B6A890}.Debug|ARM.Build.0 = Debug|ARM
		{B0A6F7B7-B9FA-448F-84C2-713DD5B6A890}.Debug|ARM.Deploy.0 = Debug|ARM
		{B0A6F7B7-B9FA-448F-84C2-713DD5B6A890}.Debug|iPhone.ActiveCfg = Debug|x86
		{B0A6F7B7-B9FA-448F-84C2-713DD5B6A890}.Debug|iPhone.Build.0 = Debug|x86
		{B0A6F7B7-B9FA-448F-84C2-713DD5B6A890}.Debug|iPhone.Deploy.0 = Debug|x86
		{B0A6F7B7-B9FA-448F-84C2-713DD5B6A890}.Debug|iPhoneSimulator.ActiveCfg = Debug|x86
		{B0A6F7B7-B9FA-448F-84C2-713DD5B6A890}.Debug|iPhoneSimulator.Build.0 = Debug|x86
		{B0A6F7B7-B9FA-448F-84C2-713DD5B6A890}.Debug|iPhoneSimulator.Deploy.0 = Debug|x86
		{B0A6F7B7-B9FA-448F-84C2-713DD5B6A890}.Debug|x64.ActiveCfg = Debug|x64
		{B0A6F7B7-B9FA-448F-84C2-713DD5B6A890}.Debug|x64.Build.0 = Debug|x64
		{B0A6F7B7-B9FA-448F-84C2-713DD5B6A890}.Debug|x64.Deploy.0 = Debug|x64
		{B0A6F7B7-B9FA-448F-84C2-713DD5B6A890}.Debug|x86.ActiveCfg = Debug|x86
		{B0A6F7B7-B9FA-448F-84C2-713DD5B6A890}.Debug|x86.Build.0 = Debug|x86
		{B0A6F7B7-B9FA-448F-84C2-713DD5B6A890}.Debug|x86.Deploy.0 = Debug|x86
		{B0A6F7B7-B9FA-448F-84C2-713DD5B6A890}.Release|Any CPU.ActiveCfg = Release|x86
		{B0A6F7B7-B9FA-448F-84C2-713DD5B6A890}.Release|Any CPU.Build.0 = Release|x86
		{B0A6F7B7-B9FA-448F-84C2-713DD5B6A890}.Release|Any CPU.Deploy.0 = Release|x86
		{B0A6F7B7-B9FA-448F-84C2-713DD5B6A890}.Release|ARM.ActiveCfg = Release|ARM
		{B0A6F7B7-B9FA-448F-84C2-713DD5B6A890}.Release|ARM.Build.0 = Release|ARM
		{B0A6F7B7-B9FA-448F-84C2-713DD5B6A890}.Release|ARM.Deploy.0 = Release|ARM
		{B0A6F7B7-B9FA-448F-84C2-713DD5B6A890}.Release|iPhone.ActiveCfg = Release|x86
		{B0A6F7B7-B9FA-448F-84C2-713DD5B6A890}.Release|iPhone.Build.0 = Release|x86
		{B0A6F7B7-B9FA-448F-84C2-713DD5B6A890}.Release|iPhone.Deploy.0 = Release|x86
		{B0A6F7B7-B9FA-448F-84C2-713DD5B6A890}.Release|iPhoneSimulator.ActiveCfg = Release|x86
		{B0A6F7B7-B9FA-448F-84C2-713DD5B6A890}.Release|iPhoneSimulator.Build.0 = Release|x86
		{B0A6F7B7-B9FA-448F-84C2-713DD5B6A890}.Release|iPhoneSimulator.Deploy.0 = Release|x86
		{B0A6F7B7-B9FA-448F-84C2-713DD5B6A890}.Release|x64.ActiveCfg = Release|x64
		{B0A6F7B7-B9FA-448F-84C2-713DD5B6A890}.Release|x64.Build.0 = Release|x64
		{B0A6F7B7-B9FA-448F-84C2-713DD5B6A890}.Release|x64.Deploy.0 = Release|x64
		{B0A6F7B7-B9FA-448F-84C2-713DD5B6A890}.Release|x86.ActiveCfg = Release|x86
		{B0A6F7B7-B9FA-448F-84C2-713DD5B6A890}.Release|x86.Build.0 = Release|x86
		{B0A6F7B7-B9FA-448F-84C2-713DD5B6A890}.Release|x86.Deploy.0 = Release|x86
		{5F2356CD-24DF-43C5-B7A5-5991D84038B6}.Ad-Hoc|Any CPU.ActiveCfg = Debug|Any CPU
		{5F2356CD-24DF-43C5-B7A5-5991D84038B6}.Ad-Hoc|Any CPU.Build.0 = Debug|Any CPU
		{5F2356CD-24DF-43C5-B7A5-5991D84038B6}.Ad-Hoc|Any CPU.Deploy.0 = Debug|Any CPU
		{5F2356CD-24DF-43C5-B7A5-5991D84038B6}.Ad-Hoc|ARM.ActiveCfg = Debug|Any CPU
		{5F2356CD-24DF-43C5-B7A5-5991D84038B6}.Ad-Hoc|ARM.Build.0 = Debug|Any CPU
		{5F2356CD-24DF-43C5-B7A5-5991D84038B6}.Ad-Hoc|ARM.Deploy.0 = Debug|Any CPU
		{5F2356CD-24DF-43C5-B7A5-5991D84038B6}.Ad-Hoc|iPhone.ActiveCfg = Debug|Any CPU
		{5F2356CD-24DF-43C5-B7A5-5991D84038B6}.Ad-Hoc|iPhone.Build.0 = Debug|Any CPU
		{5F2356CD-24DF-43C5-B7A5-5991D84038B6}.Ad-Hoc|iPhone.Deploy.0 = Debug|Any CPU
		{5F2356CD-24DF-43C5-B7A5-5991D84038B6}.Ad-Hoc|iPhoneSimulator.ActiveCfg = Debug|Any CPU
		{5F2356CD-24DF-43C5-B7A5-5991D84038B6}.Ad-Hoc|iPhoneSimulator.Build.0 = Debug|Any CPU
		{5F2356CD-24DF-43C5-B7A5-5991D84038B6}.Ad-Hoc|iPhoneSimulator.Deploy.0 = Debug|Any CPU
		{5F2356CD-24DF-43C5-B7A5-5991D84038B6}.Ad-Hoc|x64.ActiveCfg = Debug|Any CPU
		{5F2356CD-24DF-43C5-B7A5-5991D84038B6}.Ad-Hoc|x64.Build.0 = Debug|Any CPU
		{5F2356CD-24DF-43C5-B7A5-5991D84038B6}.Ad-Hoc|x64.Deploy.0 = Debug|Any CPU
		{5F2356CD-24DF-43C5-B7A5-5991D84038B6}.Ad-Hoc|x86.ActiveCfg = Debug|Any CPU
		{5F2356CD-24DF-43C5-B7A5-5991D84038B6}.Ad-Hoc|x86.Build.0 = Debug|Any CPU
		{5F2356CD-24DF-43C5-B7A5-5991D84038B6}.Ad-Hoc|x86.Deploy.0 = Debug|Any CPU
		{5F2356CD-24DF-43C5-B7A5-5991D84038B6}.AppStore|Any CPU.ActiveCfg = Debug|Any CPU
		{5F2356CD-24DF-43C5-B7A5-5991D84038B6}.AppStore|Any CPU.Build.0 = Debug|Any CPU
		{5F2356CD-24DF-43C5-B7A5-5991D84038B6}.AppStore|Any CPU.Deploy.0 = Debug|Any CPU
		{5F2356CD-24DF-43C5-B7A5-5991D84038B6}.AppStore|ARM.ActiveCfg = Debug|Any CPU
		{5F2356CD-24DF-43C5-B7A5-5991D84038B6}.AppStore|ARM.Build.0 = Debug|Any CPU
		{5F2356CD-24DF-43C5-B7A5-5991D84038B6}.AppStore|ARM.Deploy.0 = Debug|Any CPU
		{5F2356CD-24DF-43C5-B7A5-5991D84038B6}.AppStore|iPhone.ActiveCfg = Debug|Any CPU
		{5F2356CD-24DF-43C5-B7A5-5991D84038B6}.AppStore|iPhone.Build.0 = Debug|Any CPU
		{5F2356CD-24DF-43C5-B7A5-5991D84038B6}.AppStore|iPhone.Deploy.0 = Debug|Any CPU
		{5F2356CD-24DF-43C5-B7A5-5991D84038B6}.AppStore|iPhoneSimulator.ActiveCfg = Debug|Any CPU
		{5F2356CD-24DF-43C5-B7A5-5991D84038B6}.AppStore|iPhoneSimulator.Build.0 = Debug|Any CPU
		{5F2356CD-24DF-43C5-B7A5-5991D84038B6}.AppStore|iPhoneSimulator.Deploy.0 = Debug|Any CPU
		{5F2356CD-24DF-43C5-B7A5-5991D84038B6}.AppStore|x64.ActiveCfg = Debug|Any CPU
		{5F2356CD-24DF-43C5-B7A5-5991D84038B6}.AppStore|x64.Build.0 = Debug|Any CPU
		{5F2356CD-24DF-43C5-B7A5-5991D84038B6}.AppStore|x64.Deploy.0 = Debug|Any CPU
		{5F2356CD-24DF-43C5-B7A5-5991D84038B6}.AppStore|x86.ActiveCfg = Debug|Any CPU
		{5F2356CD-24DF-43C5-B7A5-5991D84038B6}.AppStore|x86.Build.0 = Debug|Any CPU
		{5F2356CD-24DF-43C5-B7A5-5991D84038B6}.AppStore|x86.Deploy.0 = Debug|Any CPU
		{5F2356CD-24DF-43C5-B7A5-5991D84038B6}.Debug|Any CPU.ActiveCfg = Debug|Any CPU
		{5F2356CD-24DF-43C5-B7A5-5991D84038B6}.Debug|Any CPU.Build.0 = Debug|Any CPU
		{5F2356CD-24DF-43C5-B7A5-5991D84038B6}.Debug|Any CPU.Deploy.0 = Debug|Any CPU
		{5F2356CD-24DF-43C5-B7A5-5991D84038B6}.Debug|ARM.ActiveCfg = Debug|Any CPU
		{5F2356CD-24DF-43C5-B7A5-5991D84038B6}.Debug|ARM.Build.0 = Debug|Any CPU
		{5F2356CD-24DF-43C5-B7A5-5991D84038B6}.Debug|ARM.Deploy.0 = Debug|Any CPU
		{5F2356CD-24DF-43C5-B7A5-5991D84038B6}.Debug|iPhone.ActiveCfg = Debug|Any CPU
		{5F2356CD-24DF-43C5-B7A5-5991D84038B6}.Debug|iPhone.Build.0 = Debug|Any CPU
		{5F2356CD-24DF-43C5-B7A5-5991D84038B6}.Debug|iPhone.Deploy.0 = Debug|Any CPU
		{5F2356CD-24DF-43C5-B7A5-5991D84038B6}.Debug|iPhoneSimulator.ActiveCfg = Debug|Any CPU
		{5F2356CD-24DF-43C5-B7A5-5991D84038B6}.Debug|iPhoneSimulator.Build.0 = Debug|Any CPU
		{5F2356CD-24DF-43C5-B7A5-5991D84038B6}.Debug|iPhoneSimulator.Deploy.0 = Debug|Any CPU
		{5F2356CD-24DF-43C5-B7A5-5991D84038B6}.Debug|x64.ActiveCfg = Debug|Any CPU
		{5F2356CD-24DF-43C5-B7A5-5991D84038B6}.Debug|x64.Build.0 = Debug|Any CPU
		{5F2356CD-24DF-43C5-B7A5-5991D84038B6}.Debug|x64.Deploy.0 = Debug|Any CPU
		{5F2356CD-24DF-43C5-B7A5-5991D84038B6}.Debug|x86.ActiveCfg = Debug|Any CPU
		{5F2356CD-24DF-43C5-B7A5-5991D84038B6}.Debug|x86.Build.0 = Debug|Any CPU
		{5F2356CD-24DF-43C5-B7A5-5991D84038B6}.Debug|x86.Deploy.0 = Debug|Any CPU
		{5F2356CD-24DF-43C5-B7A5-5991D84038B6}.Release|Any CPU.ActiveCfg = Release|Any CPU
		{5F2356CD-24DF-43C5-B7A5-5991D84038B6}.Release|Any CPU.Build.0 = Release|Any CPU
		{5F2356CD-24DF-43C5-B7A5-5991D84038B6}.Release|Any CPU.Deploy.0 = Release|Any CPU
		{5F2356CD-24DF-43C5-B7A5-5991D84038B6}.Release|ARM.ActiveCfg = Release|Any CPU
		{5F2356CD-24DF-43C5-B7A5-5991D84038B6}.Release|ARM.Build.0 = Release|Any CPU
		{5F2356CD-24DF-43C5-B7A5-5991D84038B6}.Release|ARM.Deploy.0 = Release|Any CPU
		{5F2356CD-24DF-43C5-B7A5-5991D84038B6}.Release|iPhone.ActiveCfg = Release|Any CPU
		{5F2356CD-24DF-43C5-B7A5-5991D84038B6}.Release|iPhone.Build.0 = Release|Any CPU
		{5F2356CD-24DF-43C5-B7A5-5991D84038B6}.Release|iPhone.Deploy.0 = Release|Any CPU
		{5F2356CD-24DF-43C5-B7A5-5991D84038B6}.Release|iPhoneSimulator.ActiveCfg = Release|Any CPU
		{5F2356CD-24DF-43C5-B7A5-5991D84038B6}.Release|iPhoneSimulator.Build.0 = Release|Any CPU
		{5F2356CD-24DF-43C5-B7A5-5991D84038B6}.Release|iPhoneSimulator.Deploy.0 = Release|Any CPU
		{5F2356CD-24DF-43C5-B7A5-5991D84038B6}.Release|x64.ActiveCfg = Release|Any CPU
		{5F2356CD-24DF-43C5-B7A5-5991D84038B6}.Release|x64.Build.0 = Release|Any CPU
		{5F2356CD-24DF-43C5-B7A5-5991D84038B6}.Release|x64.Deploy.0 = Release|Any CPU
		{5F2356CD-24DF-43C5-B7A5-5991D84038B6}.Release|x86.ActiveCfg = Release|Any CPU
		{5F2356CD-24DF-43C5-B7A5-5991D84038B6}.Release|x86.Build.0 = Release|Any CPU
		{5F2356CD-24DF-43C5-B7A5-5991D84038B6}.Release|x86.Deploy.0 = Release|Any CPU
	EndGlobalSection
	GlobalSection(SolutionProperties) = preSolution
		HideSolutionNode = FALSE
	EndGlobalSection
	GlobalSection(ExtensibilityGlobals) = postSolution
		SolutionGuid = {2B4B4AF9-1DDE-42EA-B0EE-89FABD447481}
	EndGlobalSection
EndGlobal
